// !$*UTF8*$!
{
	archiveVersion = 1;
	classes = {
	};
	objectVersion = 46;
	objects = {

/* Begin PBXBuildFile section */
		A7FC3F68E93027755869BE8E /* Pods_Station_To.framework in Frameworks */ = {isa = PBXBuildFile; fileRef = 0FB8E88D083172820B1E7281 /* Pods_Station_To.framework */; };
		D47761BD1F3FB02C004F9C31 /* CocoaPods-version.yml in Frameworks */ = {isa = PBXBuildFile; fileRef = D47761BC1F3FB02C004F9C31 /* CocoaPods-version.yml */; };
		D49E9AF21F46715000781F71 /* Keys.plist in Resources */ = {isa = PBXBuildFile; fileRef = D49E9AF11F46715000781F71 /* Keys.plist */; };
		D4AA4F221F3F2D8B0028E581 /* Default-568h@2x.png in Resources */ = {isa = PBXBuildFile; fileRef = D4AA4F211F3F2D8B0028E581 /* Default-568h@2x.png */; };
		D4B3469D1F3EA10400924C3D /* AppDelegate.swift in Sources */ = {isa = PBXBuildFile; fileRef = D4B3469C1F3EA10400924C3D /* AppDelegate.swift */; };
		D4B3469F1F3EA10400924C3D /* ViewController.swift in Sources */ = {isa = PBXBuildFile; fileRef = D4B3469E1F3EA10400924C3D /* ViewController.swift */; };
		D4B346A21F3EA10400924C3D /* Main.storyboard in Resources */ = {isa = PBXBuildFile; fileRef = D4B346A01F3EA10400924C3D /* Main.storyboard */; };
		D4B346A41F3EA10400924C3D /* Assets.xcassets in Resources */ = {isa = PBXBuildFile; fileRef = D4B346A31F3EA10400924C3D /* Assets.xcassets */; };
		D4B346A71F3EA10400924C3D /* LaunchScreen.storyboard in Resources */ = {isa = PBXBuildFile; fileRef = D4B346A51F3EA10400924C3D /* LaunchScreen.storyboard */; };
		D4F102CA1F5280C2008FC4AC /* station20170403free.csv in Resources */ = {isa = PBXBuildFile; fileRef = D4F102C91F5280C2008FC4AC /* station20170403free.csv */; };
		D4F102CC1F52BA30008FC4AC /* line20170403free.csv in Resources */ = {isa = PBXBuildFile; fileRef = D4F102CB1F52BA30008FC4AC /* line20170403free.csv */; };
		D4F102CE1F52BE26008FC4AC /* TrainViewController.swift in Sources */ = {isa = PBXBuildFile; fileRef = D4F102CD1F52BE26008FC4AC /* TrainViewController.swift */; };
		D4F102D01F52BE59008FC4AC /* train.png in Resources */ = {isa = PBXBuildFile; fileRef = D4F102CF1F52BE59008FC4AC /* train.png */; };
/* End PBXBuildFile section */

/* Begin PBXFileReference section */
		0FB8E88D083172820B1E7281 /* Pods_Station_To.framework */ = {isa = PBXFileReference; explicitFileType = wrapper.framework; includeInIndex = 0; path = Pods_Station_To.framework; sourceTree = BUILT_PRODUCTS_DIR; };
		6FA6B595751EF78D0BE333BD /* Pods-Station To.release.xcconfig */ = {isa = PBXFileReference; includeInIndex = 1; lastKnownFileType = text.xcconfig; name = "Pods-Station To.release.xcconfig"; path = "Pods/Target Support Files/Pods-Station To/Pods-Station To.release.xcconfig"; sourceTree = "<group>"; };
		A1DE131306868F45500C4956 /* Pods-Station To.debug.xcconfig */ = {isa = PBXFileReference; includeInIndex = 1; lastKnownFileType = text.xcconfig; name = "Pods-Station To.debug.xcconfig"; path = "Pods/Target Support Files/Pods-Station To/Pods-Station To.debug.xcconfig"; sourceTree = "<group>"; };
		D47761BC1F3FB02C004F9C31 /* CocoaPods-version.yml */ = {isa = PBXFileReference; lastKnownFileType = text; name = "CocoaPods-version.yml"; path = "../../../Downloads/Specs-master/CocoaPods-version.yml"; sourceTree = "<group>"; };
		D49E9AF11F46715000781F71 /* Keys.plist */ = {isa = PBXFileReference; fileEncoding = 4; lastKnownFileType = text.plist.xml; path = Keys.plist; sourceTree = "<group>"; };
		D4AA4F211F3F2D8B0028E581 /* Default-568h@2x.png */ = {isa = PBXFileReference; lastKnownFileType = image.png; path = "Default-568h@2x.png"; sourceTree = "<group>"; };
		D4B346991F3EA10400924C3D /* Station To.app */ = {isa = PBXFileReference; explicitFileType = wrapper.application; includeInIndex = 0; path = "Station To.app"; sourceTree = BUILT_PRODUCTS_DIR; };
		D4B3469C1F3EA10400924C3D /* AppDelegate.swift */ = {isa = PBXFileReference; lastKnownFileType = sourcecode.swift; path = AppDelegate.swift; sourceTree = "<group>"; };
		D4B3469E1F3EA10400924C3D /* ViewController.swift */ = {isa = PBXFileReference; lastKnownFileType = sourcecode.swift; path = ViewController.swift; sourceTree = "<group>"; };
		D4B346A11F3EA10400924C3D /* Base */ = {isa = PBXFileReference; lastKnownFileType = file.storyboard; name = Base; path = Base.lproj/Main.storyboard; sourceTree = "<group>"; };
		D4B346A31F3EA10400924C3D /* Assets.xcassets */ = {isa = PBXFileReference; lastKnownFileType = folder.assetcatalog; path = Assets.xcassets; sourceTree = "<group>"; };
		D4B346A61F3EA10400924C3D /* Base */ = {isa = PBXFileReference; lastKnownFileType = file.storyboard; name = Base; path = Base.lproj/LaunchScreen.storyboard; sourceTree = "<group>"; };
		D4B346A81F3EA10400924C3D /* Info.plist */ = {isa = PBXFileReference; lastKnownFileType = text.plist.xml; path = Info.plist; sourceTree = "<group>"; };
		D4F102C91F5280C2008FC4AC /* station20170403free.csv */ = {isa = PBXFileReference; fileEncoding = 4; lastKnownFileType = text; name = station20170403free.csv; path = ../../../station20170403free.csv; sourceTree = "<group>"; };
		D4F102CB1F52BA30008FC4AC /* line20170403free.csv */ = {isa = PBXFileReference; fileEncoding = 4; lastKnownFileType = text; name = line20170403free.csv; path = ../../../line20170403free.csv; sourceTree = "<group>"; };
		D4F102CD1F52BE26008FC4AC /* TrainViewController.swift */ = {isa = PBXFileReference; fileEncoding = 4; lastKnownFileType = sourcecode.swift; path = TrainViewController.swift; sourceTree = "<group>"; };
		D4F102CF1F52BE59008FC4AC /* train.png */ = {isa = PBXFileReference; lastKnownFileType = image.png; name = train.png; path = ../../../train.png; sourceTree = "<group>"; };
/* End PBXFileReference section */

/* Begin PBXFrameworksBuildPhase section */
		D4B346961F3EA10400924C3D /* Frameworks */ = {
			isa = PBXFrameworksBuildPhase;
			buildActionMask = 2147483647;
			files = (
				A7FC3F68E93027755869BE8E /* Pods_Station_To.framework in Frameworks */,
				D47761BD1F3FB02C004F9C31 /* CocoaPods-version.yml in Frameworks */,
			);
			runOnlyForDeploymentPostprocessing = 0;
		};
/* End PBXFrameworksBuildPhase section */

/* Begin PBXGroup section */
		04A6CB751FAF6FA9A95C941B /* Pods */ = {
			isa = PBXGroup;
			children = (
				A1DE131306868F45500C4956 /* Pods-Station To.debug.xcconfig */,
				6FA6B595751EF78D0BE333BD /* Pods-Station To.release.xcconfig */,
			);
			name = Pods;
			sourceTree = "<group>";
		};
		71C5DC09062961F67CB704C7 /* Frameworks */ = {
			isa = PBXGroup;
			children = (
				D47761BC1F3FB02C004F9C31 /* CocoaPods-version.yml */,
				0FB8E88D083172820B1E7281 /* Pods_Station_To.framework */,
			);
			name = Frameworks;
			sourceTree = "<group>";
		};
		D4B346901F3EA10400924C3D = {
			isa = PBXGroup;
			children = (
				D4AA4F211F3F2D8B0028E581 /* Default-568h@2x.png */,
				D4B3469B1F3EA10400924C3D /* Station To */,
				D4B3469A1F3EA10400924C3D /* Products */,
				04A6CB751FAF6FA9A95C941B /* Pods */,
				71C5DC09062961F67CB704C7 /* Frameworks */,
			);
			sourceTree = "<group>";
		};
		D4B3469A1F3EA10400924C3D /* Products */ = {
			isa = PBXGroup;
			children = (
				D4B346991F3EA10400924C3D /* Station To.app */,
			);
			name = Products;
			sourceTree = "<group>";
		};
		D4B3469B1F3EA10400924C3D /* Station To */ = {
			isa = PBXGroup;
			children = (
				D4F102CF1F52BE59008FC4AC /* train.png */,
				D4F102CB1F52BA30008FC4AC /* line20170403free.csv */,
				D4F102C91F5280C2008FC4AC /* station20170403free.csv */,
				D4B3469C1F3EA10400924C3D /* AppDelegate.swift */,
				D4B3469E1F3EA10400924C3D /* ViewController.swift */,
				D4B346A01F3EA10400924C3D /* Main.storyboard */,
				D4B346A31F3EA10400924C3D /* Assets.xcassets */,
				D4F102CD1F52BE26008FC4AC /* TrainViewController.swift */,
				D4B346A51F3EA10400924C3D /* LaunchScreen.storyboard */,
				D4B346A81F3EA10400924C3D /* Info.plist */,
				D49E9AF11F46715000781F71 /* Keys.plist */,
			);
			path = "Station To";
			sourceTree = "<group>";
		};
/* End PBXGroup section */

/* Begin PBXNativeTarget section */
		D4B346981F3EA10400924C3D /* Station To */ = {
			isa = PBXNativeTarget;
			buildConfigurationList = D4B346AB1F3EA10400924C3D /* Build configuration list for PBXNativeTarget "Station To" */;
			buildPhases = (
				E907DF56FB76CA19AE829FEC /* [CP] Check Pods Manifest.lock */,
				D4B346951F3EA10400924C3D /* Sources */,
				D4B346961F3EA10400924C3D /* Frameworks */,
				D4B346971F3EA10400924C3D /* Resources */,
				BDA4585765C336EC52F5CF25 /* [CP] Embed Pods Frameworks */,
				072F6823B53E3EEDF186F6A3 /* [CP] Copy Pods Resources */,
			);
			buildRules = (
			);
			dependencies = (
			);
			name = "Station To";
			productName = "Station To";
			productReference = D4B346991F3EA10400924C3D /* Station To.app */;
			productType = "com.apple.product-type.application";
		};
/* End PBXNativeTarget section */

/* Begin PBXProject section */
		D4B346911F3EA10400924C3D /* Project object */ = {
			isa = PBXProject;
			attributes = {
				LastSwiftUpdateCheck = 0830;
				LastUpgradeCheck = 0830;
				ORGANIZATIONNAME = "Saki Watanabe";
				TargetAttributes = {
					D4B346981F3EA10400924C3D = {
						CreatedOnToolsVersion = 8.3.3;
						DevelopmentTeam = DT778ESD5V;
						ProvisioningStyle = Automatic;
					};
				};
			};
			buildConfigurationList = D4B346941F3EA10400924C3D /* Build configuration list for PBXProject "Station To" */;
			compatibilityVersion = "Xcode 3.2";
			developmentRegion = English;
			hasScannedForEncodings = 0;
			knownRegions = (
				en,
				Base,
			);
			mainGroup = D4B346901F3EA10400924C3D;
			productRefGroup = D4B3469A1F3EA10400924C3D /* Products */;
			projectDirPath = "";
			projectRoot = "";
			targets = (
				D4B346981F3EA10400924C3D /* Station To */,
			);
		};
/* End PBXProject section */

/* Begin PBXResourcesBuildPhase section */
		D4B346971F3EA10400924C3D /* Resources */ = {
			isa = PBXResourcesBuildPhase;
			buildActionMask = 2147483647;
			files = (
				D4F102CA1F5280C2008FC4AC /* station20170403free.csv in Resources */,
				D4B346A71F3EA10400924C3D /* LaunchScreen.storyboard in Resources */,
				D4F102D01F52BE59008FC4AC /* train.png in Resources */,
				D4F102CC1F52BA30008FC4AC /* line20170403free.csv in Resources */,
				D4AA4F221F3F2D8B0028E581 /* Default-568h@2x.png in Resources */,
				D4B346A41F3EA10400924C3D /* Assets.xcassets in Resources */,
				D4B346A21F3EA10400924C3D /* Main.storyboard in Resources */,
				D49E9AF21F46715000781F71 /* Keys.plist in Resources */,
			);
			runOnlyForDeploymentPostprocessing = 0;
		};
/* End PBXResourcesBuildPhase section */

/* Begin PBXShellScriptBuildPhase section */
		072F6823B53E3EEDF186F6A3 /* [CP] Copy Pods Resources */ = {
			isa = PBXShellScriptBuildPhase;
			buildActionMask = 2147483647;
			files = (
			);
			inputPaths = (
				"${SRCROOT}/Pods/Target Support Files/Pods-Station To/Pods-Station To-resources.sh",
				"${PODS_ROOT}/GoogleMaps/Maps/Frameworks/GoogleMaps.framework/Resources/GoogleMaps.bundle",
				"${PODS_ROOT}/GooglePlaces/Frameworks/GooglePlaces.framework/Resources/GooglePlaces.bundle",
			);
			name = "[CP] Copy Pods Resources";
			outputPaths = (
				"${TARGET_BUILD_DIR}/${UNLOCALIZED_RESOURCES_FOLDER_PATH}",
			);
			runOnlyForDeploymentPostprocessing = 0;
			shellPath = /bin/sh;
			shellScript = "\"${SRCROOT}/Pods/Target Support Files/Pods-Station To/Pods-Station To-resources.sh\"\n";
			showEnvVarsInLog = 0;
		};
		BDA4585765C336EC52F5CF25 /* [CP] Embed Pods Frameworks */ = {
			isa = PBXShellScriptBuildPhase;
			buildActionMask = 2147483647;
			files = (
			);
			inputPaths = (
			);
			name = "[CP] Embed Pods Frameworks";
			outputPaths = (
			);
			runOnlyForDeploymentPostprocessing = 0;
			shellPath = /bin/sh;
			shellScript = "\"${SRCROOT}/Pods/Target Support Files/Pods-Station To/Pods-Station To-frameworks.sh\"\n";
			showEnvVarsInLog = 0;
		};
		E907DF56FB76CA19AE829FEC /* [CP] Check Pods Manifest.lock */ = {
			isa = PBXShellScriptBuildPhase;
			buildActionMask = 2147483647;
			files = (
			);
			inputPaths = (
				"${PODS_PODFILE_DIR_PATH}/Podfile.lock",
				"${PODS_ROOT}/Manifest.lock",
			);
			name = "[CP] Check Pods Manifest.lock";
			outputPaths = (
				"$(DERIVED_FILE_DIR)/Pods-Station To-checkManifestLockResult.txt",
			);
			runOnlyForDeploymentPostprocessing = 0;
			shellPath = /bin/sh;
			shellScript = "diff \"${PODS_PODFILE_DIR_PATH}/Podfile.lock\" \"${PODS_ROOT}/Manifest.lock\" > /dev/null\nif [ $? != 0 ] ; then\n    # print error to STDERR\n    echo \"error: The sandbox is not in sync with the Podfile.lock. Run 'pod install' or update your CocoaPods installation.\" >&2\n    exit 1\nfi\n# This output is used by Xcode 'outputs' to avoid re-running this script phase.\necho \"SUCCESS\" > \"${SCRIPT_OUTPUT_FILE_0}\"\n";
			showEnvVarsInLog = 0;
		};
/* End PBXShellScriptBuildPhase section */

/* Begin PBXSourcesBuildPhase section */
		D4B346951F3EA10400924C3D /* Sources */ = {
			isa = PBXSourcesBuildPhase;
			buildActionMask = 2147483647;
			files = (
				D4B3469F1F3EA10400924C3D /* ViewController.swift in Sources */,
				D4B3469D1F3EA10400924C3D /* AppDelegate.swift in Sources */,
				D4F102CE1F52BE26008FC4AC /* TrainViewController.swift in Sources */,
			);
			runOnlyForDeploymentPostprocessing = 0;
		};
/* End PBXSourcesBuildPhase section */

/* Begin PBXVariantGroup section */
		D4B346A01F3EA10400924C3D /* Main.storyboard */ = {
			isa = PBXVariantGroup;
			children = (
				D4B346A11F3EA10400924C3D /* Base */,
			);
			name = Main.storyboard;
			sourceTree = "<group>";
		};
		D4B346A51F3EA10400924C3D /* LaunchScreen.storyboard */ = {
			isa = PBXVariantGroup;
			children = (
				D4B346A61F3EA10400924C3D /* Base */,
			);
			name = LaunchScreen.storyboard;
			sourceTree = "<group>";
		};
/* End PBXVariantGroup section */

/* Begin XCBuildConfiguration section */
		D4B346A91F3EA10400924C3D /* Debug */ = {
			isa = XCBuildConfiguration;
			buildSettings = {
				ALWAYS_SEARCH_USER_PATHS = NO;
				CLANG_ANALYZER_NONNULL = YES;
				CLANG_ANALYZER_NUMBER_OBJECT_CONVERSION = YES_AGGRESSIVE;
				CLANG_CXX_LANGUAGE_STANDARD = "gnu++0x";
				CLANG_CXX_LIBRARY = "libc++";
				CLANG_ENABLE_MODULES = YES;
				CLANG_ENABLE_OBJC_ARC = YES;
				CLANG_WARN_BOOL_CONVERSION = YES;
				CLANG_WARN_CONSTANT_CONVERSION = YES;
				CLANG_WARN_DIRECT_OBJC_ISA_USAGE = YES_ERROR;
				CLANG_WARN_DOCUMENTATION_COMMENTS = YES;
				CLANG_WARN_EMPTY_BODY = YES;
				CLANG_WARN_ENUM_CONVERSION = YES;
				CLANG_WARN_INFINITE_RECURSION = YES;
				CLANG_WARN_INT_CONVERSION = YES;
				CLANG_WARN_OBJC_ROOT_CLASS = YES_ERROR;
				CLANG_WARN_SUSPICIOUS_MOVE = YES;
				CLANG_WARN_UNREACHABLE_CODE = YES;
				CLANG_WARN__DUPLICATE_METHOD_MATCH = YES;
				"CODE_SIGN_IDENTITY[sdk=iphoneos*]" = "iPhone Developer";
				COPY_PHASE_STRIP = NO;
				DEBUG_INFORMATION_FORMAT = dwarf;
				ENABLE_STRICT_OBJC_MSGSEND = YES;
				ENABLE_TESTABILITY = YES;
				GCC_C_LANGUAGE_STANDARD = gnu99;
				GCC_DYNAMIC_NO_PIC = NO;
				GCC_NO_COMMON_BLOCKS = YES;
				GCC_OPTIMIZATION_LEVEL = 0;
				GCC_PREPROCESSOR_DEFINITIONS = (
					"DEBUG=1",
					"$(inherited)",
				);
				GCC_WARN_64_TO_32_BIT_CONVERSION = YES;
				GCC_WARN_ABOUT_RETURN_TYPE = YES_ERROR;
				GCC_WARN_UNDECLARED_SELECTOR = YES;
				GCC_WARN_UNINITIALIZED_AUTOS = YES_AGGRESSIVE;
				GCC_WARN_UNUSED_FUNCTION = YES;
				GCC_WARN_UNUSED_VARIABLE = YES;
				IPHONEOS_DEPLOYMENT_TARGET = 10.3;
				MTL_ENABLE_DEBUG_INFO = YES;
				ONLY_ACTIVE_ARCH = YES;
				SDKROOT = iphoneos;
				SWIFT_ACTIVE_COMPILATION_CONDITIONS = DEBUG;
				SWIFT_OPTIMIZATION_LEVEL = "-Onone";
				TARGETED_DEVICE_FAMILY = "1,2";
			};
			name = Debug;
		};
		D4B346AA1F3EA10400924C3D /* Release */ = {
			isa = XCBuildConfiguration;
			buildSettings = {
				ALWAYS_SEARCH_USER_PATHS = NO;
				CLANG_ANALYZER_NONNULL = YES;
				CLANG_ANALYZER_NUMBER_OBJECT_CONVERSION = YES_AGGRESSIVE;
				CLANG_CXX_LANGUAGE_STANDARD = "gnu++0x";
				CLANG_CXX_LIBRARY = "libc++";
				CLANG_ENABLE_MODULES = YES;
				CLANG_ENABLE_OBJC_ARC = YES;
				CLANG_WARN_BOOL_CONVERSION = YES;
				CLANG_WARN_CONSTANT_CONVERSION = YES;
				CLANG_WARN_DIRECT_OBJC_ISA_USAGE = YES_ERROR;
				CLANG_WARN_DOCUMENTATION_COMMENTS = YES;
				CLANG_WARN_EMPTY_BODY = YES;
				CLANG_WARN_ENUM_CONVERSION = YES;
				CLANG_WARN_INFINITE_RECURSION = YES;
				CLANG_WARN_INT_CONVERSION = YES;
				CLANG_WARN_OBJC_ROOT_CLASS = YES_ERROR;
				CLANG_WARN_SUSPICIOUS_MOVE = YES;
				CLANG_WARN_UNREACHABLE_CODE = YES;
				CLANG_WARN__DUPLICATE_METHOD_MATCH = YES;
				"CODE_SIGN_IDENTITY[sdk=iphoneos*]" = "iPhone Developer";
				COPY_PHASE_STRIP = NO;
				DEBUG_INFORMATION_FORMAT = "dwarf-with-dsym";
				ENABLE_NS_ASSERTIONS = NO;
				ENABLE_STRICT_OBJC_MSGSEND = YES;
				GCC_C_LANGUAGE_STANDARD = gnu99;
				GCC_NO_COMMON_BLOCKS = YES;
				GCC_WARN_64_TO_32_BIT_CONVERSION = YES;
				GCC_WARN_ABOUT_RETURN_TYPE = YES_ERROR;
				GCC_WARN_UNDECLARED_SELECTOR = YES;
				GCC_WARN_UNINITIALIZED_AUTOS = YES_AGGRESSIVE;
				GCC_WARN_UNUSED_FUNCTION = YES;
				GCC_WARN_UNUSED_VARIABLE = YES;
				IPHONEOS_DEPLOYMENT_TARGET = 10.3;
				MTL_ENABLE_DEBUG_INFO = NO;
				SDKROOT = iphoneos;
				SWIFT_OPTIMIZATION_LEVEL = "-Owholemodule";
				TARGETED_DEVICE_FAMILY = "1,2";
				VALIDATE_PRODUCT = YES;
			};
			name = Release;
		};
		D4B346AC1F3EA10400924C3D /* Debug */ = {
			isa = XCBuildConfiguration;
			baseConfigurationReference = A1DE131306868F45500C4956 /* Pods-Station To.debug.xcconfig */;
			buildSettings = {
				ASSETCATALOG_COMPILER_APPICON_NAME = AppIcon;
				DEVELOPMENT_TEAM = DT778ESD5V;
				INFOPLIST_FILE = "Station To/Info.plist";
				LD_RUNPATH_SEARCH_PATHS = "$(inherited) @executable_path/Frameworks";
				PRODUCT_BUNDLE_IDENTIFIER = "com.gmail.sknn.07.Station-To";
				PRODUCT_NAME = "$(TARGET_NAME)";
				SWIFT_VERSION = 3.0;
			};
			name = Debug;
		};
		D4B346AD1F3EA10400924C3D /* Release */ = {
			isa = XCBuildConfiguration;
			baseConfigurationReference = 6FA6B595751EF78D0BE333BD /* Pods-Station To.release.xcconfig */;
			buildSettings = {
				ASSETCATALOG_COMPILER_APPICON_NAME = AppIcon;
				DEVELOPMENT_TEAM = DT778ESD5V;
				INFOPLIST_FILE = "Station To/Info.plist";
				LD_RUNPATH_SEARCH_PATHS = "$(inherited) @executable_path/Frameworks";
				PRODUCT_BUNDLE_IDENTIFIER = "com.gmail.sknn.07.Station-To";
				PRODUCT_NAME = "$(TARGET_NAME)";
				SWIFT_VERSION = 3.0;
			};
			name = Release;
		};
/* End XCBuildConfiguration section */

/* Begin XCConfigurationList section */
		D4B346941F3EA10400924C3D /* Build configuration list for PBXProject "Station To" */ = {
			isa = XCConfigurationList;
			buildConfigurations = (
				D4B346A91F3EA10400924C3D /* Debug */,
				D4B346AA1F3EA10400924C3D /* Release */,
			);
			defaultConfigurationIsVisible = 0;
			defaultConfigurationName = Release;
		};
		D4B346AB1F3EA10400924C3D /* Build configuration list for PBXNativeTarget "Station To" */ = {
			isa = XCConfigurationList;
			buildConfigurations = (
				D4B346AC1F3EA10400924C3D /* Debug */,
				D4B346AD1F3EA10400924C3D /* Release */,
			);
			defaultConfigurationIsVisible = 0;
			defaultConfigurationName = Release;
		};
/* End XCConfigurationList section */
	};
	rootObject = D4B346911F3EA10400924C3D /* Project object */;
}
